
Microsoft Visual Studio Solution File, Format Version 12.00
# Visual Studio 2013
VisualStudioVersion = 12.0.31101.0
MinimumVisualStudioVersion = 10.0.40219.1
Project("{FAE04EC0-301F-11D3-BF4B-00C04F79EFBC}") = "WebUi", "WebUi\WebUi.csproj", "{95345D26-2D50-48C2-AB7D-9D5113204214}"
EndProject
Project("{FAE04EC0-301F-11D3-BF4B-00C04F79EFBC}") = "Domain", "Domain\Domain.csproj", "{5BDC761C-67F5-4CAF-B438-9A94CD1054D1}"
EndProject
Project("{FAE04EC0-301F-11D3-BF4B-00C04F79EFBC}") = "Repository", "Repository\Repository.csproj", "{02278520-4653-4059-9509-F14DED1B6640}"
EndProject
Project("{FAE04EC0-301F-11D3-BF4B-00C04F79EFBC}") = "Services", "Services\Services.csproj", "{D05C0EA6-B3A4-450E-B8A5-9B49B9A02680}"
EndProject
Project("{FAE04EC0-301F-11D3-BF4B-00C04F79EFBC}") = "UnitTest", "UnitTest\UnitTest.csproj", "{08515ACB-E116-4CCD-BAE5-90FCF932021D}"
EndProject
Global
	GlobalSection(SolutionConfigurationPlatforms) = preSolution
		Debug|Any CPU = Debug|Any CPU
		Release|Any CPU = Release|Any CPU
	EndGlobalSection
	GlobalSection(ProjectConfigurationPlatforms) = postSolution
		{95345D26-2D50-48C2-AB7D-9D5113204214}.Debug|Any CPU.ActiveCfg = Debug|Any CPU
		{95345D26-2D50-48C2-AB7D-9D5113204214}.Debug|Any CPU.Build.0 = Debug|Any CPU
		{95345D26-2D50-48C2-AB7D-9D5113204214}.Release|Any CPU.ActiveCfg = Release|Any CPU
		{95345D26-2D50-48C2-AB7D-9D5113204214}.Release|Any CPU.Build.0 = Release|Any CPU
		{5BDC761C-67F5-4CAF-B438-9A94CD1054D1}.Debug|Any CPU.ActiveCfg = Debug|Any CPU
		{5BDC761C-67F5-4CAF-B438-9A94CD1054D1}.Debug|Any CPU.Build.0 = Debug|Any CPU
		{5BDC761C-67F5-4CAF-B438-9A94CD1054D1}.Release|Any CPU.ActiveCfg = Release|Any CPU
		{5BDC761C-67F5-4CAF-B438-9A94CD1054D1}.Release|Any CPU.Build.0 = Release|Any CPU
		{02278520-4653-4059-9509-F14DED1B6640}.Debug|Any CPU.ActiveCfg = Debug|Any CPU
		{02278520-4653-4059-9509-F14DED1B6640}.Debug|Any CPU.Build.0 = Debug|Any CPU
		{02278520-4653-4059-9509-F14DED1B6640}.Release|Any CPU.ActiveCfg = Release|Any CPU
		{02278520-4653-4059-9509-F14DED1B6640}.Release|Any CPU.Build.0 = Release|Any CPU
		{D05C0EA6-B3A4-450E-B8A5-9B49B9A02680}.Debug|Any CPU.ActiveCfg = Debug|Any CPU
		{D05C0EA6-B3A4-450E-B8A5-9B49B9A02680}.Debug|Any CPU.Build.0 = Debug|Any CPU
		{D05C0EA6-B3A4-450E-B8A5-9B49B9A02680}.Release|Any CPU.ActiveCfg = Release|Any CPU
		{D05C0EA6-B3A4-450E-B8A5-9B49B9A02680}.Release|Any CPU.Build.0 = Release|Any CPU
		{08515ACB-E116-4CCD-BAE5-90FCF932021D}.Debug|Any CPU.ActiveCfg = Debug|Any CPU
		{08515ACB-E116-4CCD-BAE5-90FCF932021D}.Debug|Any CPU.Build.0 = Debug|Any CPU
		{08515ACB-E116-4CCD-BAE5-90FCF932021D}.Release|Any CPU.ActiveCfg = Release|Any CPU
		{08515ACB-E116-4CCD-BAE5-90FCF932021D}.Release|Any CPU.Build.0 = Release|Any CPU
	EndGlobalSection
	GlobalSection(SolutionProperties) = preSolution
		HideSolutionNode = FALSE
	EndGlobalSection
EndGlobal
